<?xml version="1.0" encoding="utf-8"?>
<Project ToolsVersion="4.0" xmlns="http://schemas.microsoft.com/developer/msbuild/2003">
  <ItemGroup>
    <ClCompile Include="main.cpp" />
    <ClCompile Include="camera.cpp">
      <Filter>core\source</Filter>
    </ClCompile>
    <ClCompile Include="graphics.cpp">
      <Filter>core\source</Filter>
    </ClCompile>
    <ClCompile Include="image.cpp">
      <Filter>core\source</Filter>
    </ClCompile>
    <ClCompile Include="maths.cpp">
      <Filter>core\source</Filter>
    </ClCompile>
    <ClCompile Include="mesh.cpp">
      <Filter>core\source</Filter>
    </ClCompile>
    <ClCompile Include="private.cpp">
      <Filter>core\source</Filter>
    </ClCompile>
    <ClCompile Include="win32.cpp">
      <Filter>core\source</Filter>
    </ClCompile>
    <ClCompile Include="test_camera_move.cpp">
      <Filter>test_unit\source</Filter>
    </ClCompile>
    <ClCompile Include="test_helper.cpp">
      <Filter>test_unit\source</Filter>
    </ClCompile>
    <ClCompile Include="test_model_input.cpp">
      <Filter>test_unit\source</Filter>
    </ClCompile>
    <ClCompile Include="test_rasterization.cpp">
      <Filter>test_unit\source</Filter>
    </ClCompile>
    <ClCompile Include="test_space_transform.cpp">
      <Filter>test_unit\source</Filter>
    </ClCompile>
    <ClCompile Include="test_transform.cpp">
      <Filter>test_unit\source</Filter>
    </ClCompile>
    <ClCompile Include="tgaimage.cpp">
      <Filter>core\source</Filter>
    </ClCompile>
    <ClCompile Include="shader_BlinnPhong.cpp">
      <Filter>core\source</Filter>
    </ClCompile>
    <ClCompile Include="scene_helper.cpp">
      <Filter>core\source</Filter>
    </ClCompile>
    <ClCompile Include="scene.cpp">
      <Filter>core\source</Filter>
    </ClCompile>
    <ClCompile Include="rasterization.cpp">
      <Filter>core\source</Filter>
    </ClCompile>
    <ClCompile Include="texture2D.cpp">
      <Filter>core\source</Filter>
    </ClCompile>
    <ClCompile Include="build_scene.cpp">
      <Filter>core\source</Filter>
    </ClCompile>
    <ClCompile Include="test_skeleton_animation.cpp">
      <Filter>test_unit\source</Filter>
    </ClCompile>
    <ClCompile Include="skeleton.cpp">
      <Filter>core\source</Filter>
    </ClCompile>
    <ClCompile Include="test_blinn_phong_light.cpp">
      <Filter>test_unit\source</Filter>
    </ClCompile>
  </ItemGroup>
  <ItemGroup>
    <ClInclude Include="camera.h">
      <Filter>core\header</Filter>
    </ClInclude>
    <ClInclude Include="graphics.h">
      <Filter>core\header</Filter>
    </ClInclude>
    <ClInclude Include="image.h">
      <Filter>core\header</Filter>
    </ClInclude>
    <ClInclude Include="macro.h">
      <Filter>core\header</Filter>
    </ClInclude>
    <ClInclude Include="maths.h">
      <Filter>core\header</Filter>
    </ClInclude>
    <ClInclude Include="mesh.h">
      <Filter>core\header</Filter>
    </ClInclude>
    <ClInclude Include="private.h">
      <Filter>core\header</Filter>
    </ClInclude>
    <ClInclude Include="win32.h">
      <Filter>core\header</Filter>
    </ClInclude>
    <ClInclude Include="test_camera_move.h">
      <Filter>test_unit\header</Filter>
    </ClInclude>
    <ClInclude Include="test_helper.h">
      <Filter>test_unit\header</Filter>
    </ClInclude>
    <ClInclude Include="test_model_input.h">
      <Filter>test_unit\header</Filter>
    </ClInclude>
    <ClInclude Include="test_rasterization.h">
      <Filter>test_unit\header</Filter>
    </ClInclude>
    <ClInclude Include="test_space_transform.h">
      <Filter>test_unit\header</Filter>
    </ClInclude>
    <ClInclude Include="test_transform.h">
      <Filter>test_unit\header</Filter>
    </ClInclude>
    <ClInclude Include="tgaimage.h">
      <Filter>core\header</Filter>
    </ClInclude>
    <ClInclude Include="shader_BlinnPhong.h">
      <Filter>core\header</Filter>
    </ClInclude>
    <ClInclude Include="scene_helper.h">
      <Filter>core\header</Filter>
    </ClInclude>
    <ClInclude Include="scene.h">
      <Filter>core\header</Filter>
    </ClInclude>
    <ClInclude Include="rasterization.h">
      <Filter>core\header</Filter>
    </ClInclude>
    <ClInclude Include="texture2D.h">
      <Filter>core\header</Filter>
    </ClInclude>
    <ClInclude Include="build_scene.h">
      <Filter>core\header</Filter>
    </ClInclude>
    <ClInclude Include="test_skeleton_animation.h">
      <Filter>test_unit\header</Filter>
    </ClInclude>
    <ClInclude Include="skeleton.h">
      <Filter>core\header</Filter>
    </ClInclude>
    <ClInclude Include="test_blinn_phong_light.h">
      <Filter>test_unit\header</Filter>
    </ClInclude>
    <ClInclude Include="config.h">
      <Filter>core</Filter>
    </ClInclude>
  </ItemGroup>
  <ItemGroup>
    <Filter Include="core">
      <UniqueIdentifier>{cfa5790a-8f64-4019-a893-4bde4592d445}</UniqueIdentifier>
    </Filter>
    <Filter Include="test_unit">
      <UniqueIdentifier>{60b18fba-f38f-400a-8343-b5dc5d15015b}</UniqueIdentifier>
    </Filter>
    <Filter Include="core\header">
      <UniqueIdentifier>{fce2969f-6d21-4fd9-af20-093780869f81}</UniqueIdentifier>
    </Filter>
    <Filter Include="core\source">
      <UniqueIdentifier>{a52637b2-84ec-444f-94a3-d9ad2efeb109}</UniqueIdentifier>
    </Filter>
    <Filter Include="test_unit\header">
      <UniqueIdentifier>{54b97a8c-f0f0-48b2-b407-60695f99e40b}</UniqueIdentifier>
    </Filter>
    <Filter Include="test_unit\source">
      <UniqueIdentifier>{95cf4780-b876-47a9-9889-98e55d85552e}</UniqueIdentifier>
    </Filter>
  </ItemGroup>
</Project>